
Microsoft Visual Studio Solution File, Format Version 12.00
# Visual Studio Version 16
VisualStudioVersion = 16.0.33214.272
MinimumVisualStudioVersion = 10.0.40219.1
Project("{8BC9CEB8-8B4A-11D0-8D11-00A0C91BC942}") = "CG_lab1", "CG_lab1\CG_lab1.vcxproj", "{6C0EA667-F22D-41A8-BE67-1C6F6BFF2317}"
EndProject
Project("{8BC9CEB8-8B4A-11D0-8D11-00A0C91BC942}") = "CG_lab2", "CG_lab2\CG_lab2.vcxproj", "{D6813C87-634A-4137-929A-46968F47FBF6}"
EndProject
Project("{8BC9CEB8-8B4A-11D0-8D11-00A0C91BC942}") = "CG_lab3", "CG_lab3\CG_lab3.vcxproj", "{9C1E085E-DBAC-4D52-BDFD-41C9AC6CDA36}"
EndProject
Project("{8BC9CEB8-8B4A-11D0-8D11-00A0C91BC942}") = "CG_lab4", "CG_lab4\CG_lab4.vcxproj", "{BD9BEF72-3382-494A-BC37-122F29271356}"
EndProject
Project("{8BC9CEB8-8B4A-11D0-8D11-00A0C91BC942}") = "CG_lab5", "CG_lab5\CG_lab5.vcxproj", "{614CB8C0-D636-403E-8826-459C76E5E99B}"
EndProject
Project("{8BC9CEB8-8B4A-11D0-8D11-00A0C91BC942}") = "CG_lab6", "CG_lab6\CG_lab6.vcxproj", "{BEF96B74-A4EF-43BF-B051-9671B1971533}"
EndProject
Project("{8BC9CEB8-8B4A-11D0-8D11-00A0C91BC942}") = "CG_lab7", "CG_lab7\CG_lab7.vcxproj", "{2702F4FF-EB83-44B8-AA66-D7B18B061018}"
EndProject
Global
	GlobalSection(SolutionConfigurationPlatforms) = preSolution
		Debug|x64 = Debug|x64
		Debug|x86 = Debug|x86
		Release|x64 = Release|x64
		Release|x86 = Release|x86
	EndGlobalSection
	GlobalSection(ProjectConfigurationPlatforms) = postSolution
		{6C0EA667-F22D-41A8-BE67-1C6F6BFF2317}.Debug|x64.ActiveCfg = Debug|x64
		{6C0EA667-F22D-41A8-BE67-1C6F6BFF2317}.Debug|x64.Build.0 = Debug|x64
		{6C0EA667-F22D-41A8-BE67-1C6F6BFF2317}.Debug|x86.ActiveCfg = Debug|Win32
		{6C0EA667-F22D-41A8-BE67-1C6F6BFF2317}.Debug|x86.Build.0 = Debug|Win32
		{6C0EA667-F22D-41A8-BE67-1C6F6BFF2317}.Release|x64.ActiveCfg = Release|x64
		{6C0EA667-F22D-41A8-BE67-1C6F6BFF2317}.Release|x64.Build.0 = Release|x64
		{6C0EA667-F22D-41A8-BE67-1C6F6BFF2317}.Release|x86.ActiveCfg = Release|Win32
		{6C0EA667-F22D-41A8-BE67-1C6F6BFF2317}.Release|x86.Build.0 = Release|Win32
		{D6813C87-634A-4137-929A-46968F47FBF6}.Debug|x64.ActiveCfg = Debug|x64
		{D6813C87-634A-4137-929A-46968F47FBF6}.Debug|x64.Build.0 = Debug|x64
		{D6813C87-634A-4137-929A-46968F47FBF6}.Debug|x86.ActiveCfg = Debug|Win32
		{D6813C87-634A-4137-929A-46968F47FBF6}.Debug|x86.Build.0 = Debug|Win32
		{D6813C87-634A-4137-929A-46968F47FBF6}.Release|x64.ActiveCfg = Release|x64
		{D6813C87-634A-4137-929A-46968F47FBF6}.Release|x64.Build.0 = Release|x64
		{D6813C87-634A-4137-929A-46968F47FBF6}.Release|x86.ActiveCfg = Release|Win32
		{D6813C87-634A-4137-929A-46968F47FBF6}.Release|x86.Build.0 = Release|Win32
		{9C1E085E-DBAC-4D52-BDFD-41C9AC6CDA36}.Debug|x64.ActiveCfg = Debug|x64
		{9C1E085E-DBAC-4D52-BDFD-41C9AC6CDA36}.Debug|x64.Build.0 = Debug|x64
		{9C1E085E-DBAC-4D52-BDFD-41C9AC6CDA36}.Debug|x86.ActiveCfg = Debug|Win32
		{9C1E085E-DBAC-4D52-BDFD-41C9AC6CDA36}.Debug|x86.Build.0 = Debug|Win32
		{9C1E085E-DBAC-4D52-BDFD-41C9AC6CDA36}.Release|x64.ActiveCfg = Release|x64
		{9C1E085E-DBAC-4D52-BDFD-41C9AC6CDA36}.Release|x64.Build.0 = Release|x64
		{9C1E085E-DBAC-4D52-BDFD-41C9AC6CDA36}.Release|x86.ActiveCfg = Release|Win32
		{9C1E085E-DBAC-4D52-BDFD-41C9AC6CDA36}.Release|x86.Build.0 = Release|Win32
		{BD9BEF72-3382-494A-BC37-122F29271356}.Debug|x64.ActiveCfg = Debug|x64
		{BD9BEF72-3382-494A-BC37-122F29271356}.Debug|x64.Build.0 = Debug|x64
		{BD9BEF72-3382-494A-BC37-122F29271356}.Debug|x86.ActiveCfg = Debug|Win32
		{BD9BEF72-3382-494A-BC37-122F29271356}.Debug|x86.Build.0 = Debug|Win32
		{BD9BEF72-3382-494A-BC37-122F29271356}.Release|x64.ActiveCfg = Release|x64
		{BD9BEF72-3382-494A-BC37-122F29271356}.Release|x64.Build.0 = Release|x64
		{BD9BEF72-3382-494A-BC37-122F29271356}.Release|x86.ActiveCfg = Release|Win32
		{BD9BEF72-3382-494A-BC37-122F29271356}.Release|x86.Build.0 = Release|Win32
		{614CB8C0-D636-403E-8826-459C76E5E99B}.Debug|x64.ActiveCfg = Debug|x64
		{614CB8C0-D636-403E-8826-459C76E5E99B}.Debug|x64.Build.0 = Debug|x64
		{614CB8C0-D636-403E-8826-459C76E5E99B}.Debug|x86.ActiveCfg = Debug|Win32
		{614CB8C0-D636-403E-8826-459C76E5E99B}.Debug|x86.Build.0 = Debug|Win32
		{614CB8C0-D636-403E-8826-459C76E5E99B}.Release|x64.ActiveCfg = Release|x64
		{614CB8C0-D636-403E-8826-459C76E5E99B}.Release|x64.Build.0 = Release|x64
		{614CB8C0-D636-403E-8826-459C76E5E99B}.Release|x86.ActiveCfg = Release|Win32
		{614CB8C0-D636-403E-8826-459C76E5E99B}.Release|x86.Build.0 = Release|Win32
		{BEF96B74-A4EF-43BF-B051-9671B1971533}.Debug|x64.ActiveCfg = Debug|x64
		{BEF96B74-A4EF-43BF-B051-9671B1971533}.Debug|x64.Build.0 = Debug|x64
		{BEF96B74-A4EF-43BF-B051-9671B1971533}.Debug|x86.ActiveCfg = Debug|Win32
		{BEF96B74-A4EF-43BF-B051-9671B1971533}.Debug|x86.Build.0 = Debug|Win32
		{BEF96B74-A4EF-43BF-B051-9671B1971533}.Release|x64.ActiveCfg = Release|x64
		{BEF96B74-A4EF-43BF-B051-9671B1971533}.Release|x64.Build.0 = Release|x64
		{BEF96B74-A4EF-43BF-B051-9671B1971533}.Release|x86.ActiveCfg = Release|Win32
		{BEF96B74-A4EF-43BF-B051-9671B1971533}.Release|x86.Build.0 = Release|Win32
		{2702F4FF-EB83-44B8-AA66-D7B18B061018}.Debug|x64.ActiveCfg = Debug|x64
		{2702F4FF-EB83-44B8-AA66-D7B18B061018}.Debug|x64.Build.0 = Debug|x64
		{2702F4FF-EB83-44B8-AA66-D7B18B061018}.Debug|x86.ActiveCfg = Debug|Win32
		{2702F4FF-EB83-44B8-AA66-D7B18B061018}.Debug|x86.Build.0 = Debug|Win32
		{2702F4FF-EB83-44B8-AA66-D7B18B061018}.Release|x64.ActiveCfg = Release|x64
		{2702F4FF-EB83-44B8-AA66-D7B18B061018}.Release|x64.Build.0 = Release|x64
		{2702F4FF-EB83-44B8-AA66-D7B18B061018}.Release|x86.ActiveCfg = Release|Win32
		{2702F4FF-EB83-44B8-AA66-D7B18B061018}.Release|x86.Build.0 = Release|Win32
	EndGlobalSection
	GlobalSection(SolutionProperties) = preSolution
		HideSolutionNode = FALSE
	EndGlobalSection
	GlobalSection(ExtensibilityGlobals) = postSolution
		SolutionGuid = {E6FAC622-22B6-46CE-B9C8-BC007903794A}
	EndGlobalSection
EndGlobal
